{
  "name": "final-repository",
  "version": "1.0.0",
  "lockfileVersion": 3,
  "requires": true,
  "packages": {
    "": {
      "name": "final-repository",
      "version": "1.0.0",
      "license": "MIT",
      "devDependencies": {
        "eslint": "^8.57.0",
        "eslint-config-prettier": "^9.1.0",
        "eslint-plugin-node": "^11.1.0",
        "prettier": "^3.2.5"
      }
    }
  }
}
