{
  "name": "openai-project",
  "version": "1.0.0",
  "lockfileVersion": 3,
  "requires": true,
  "packages": {
    "": {
      "name": "openai-project",
      "version": "1.0.0",
      "license": "ISC",
      "dependencies": {
        "@huggingface/inference": "^4.11.3",
        "dotenv": "^17.2.3",
        "openai": "^6.6.0"
      }
    },
    "node_modules/@huggingface/inference": {
      "version": "4.11.3",
      "resolved": "https://registry.npmjs.org/@huggingface/inference/-/inference-4.11.3.tgz",
      "integrity": "sha512-Fqpj89DuB6i9j+cos9i0bfUKlpx5NFFsmvED0OAdE1gUSTHR86GpUZ0xkKy58IYXV1yFyHLFxQaOn0XDmD2m7Q==",
      "license": "MIT",
      "dependencies": {
        "@huggingface/jinja": "^0.5.1",
        "@huggingface/tasks": "^0.19.52"
      },
      "engines": {
        "node": ">=18"
      }
    },
    "node_modules/@huggingface/jinja": {
      "version": "0.5.1",
      "resolved": "https://registry.npmjs.org/@huggingface/jinja/-/jinja-0.5.1.tgz",
      "integrity": "sha512-yUZLld4lrM9iFxHCwFQ7D1HW2MWMwSbeB7WzWqFYDWK+rEb+WldkLdAJxUPOmgICMHZLzZGVcVjFh3w/YGubng==",
      "license": "MIT",
      "engines": {
        "node": ">=18"
      }
    },
    "node_modules/@huggingface/tasks": {
      "version": "0.19.57",
      "resolved": "https://registry.npmjs.org/@huggingface/tasks/-/tasks-0.19.57.tgz",
      "integrity": "sha512-q/6nRDTaEnz7iSYIwSo8NBBarohEUS/Lip3DttraICE+8Rtcu3CbAHkMA4JrHBox0B3IYt4HuzOvDDY1Yo8MEQ==",
      "license": "MIT"
    },
    "node_modules/dotenv": {
      "version": "17.2.3",
      "resolved": "https://registry.npmjs.org/dotenv/-/dotenv-17.2.3.tgz",
      "integrity": "sha512-JVUnt+DUIzu87TABbhPmNfVdBDt18BLOWjMUFJMSi/Qqg7NTYtabbvSNJGOJ7afbRuv9D/lngizHtP7QyLQ+9w==",
      "license": "BSD-2-Clause",
      "engines": {
        "node": ">=12"
      },
      "funding": {
        "url": "https://dotenvx.com"
      }
    },
    "node_modules/openai": {
      "version": "6.6.0",
      "resolved": "https://registry.npmjs.org/openai/-/openai-6.6.0.tgz",
      "integrity": "sha512-1yWk4cBsHF5Bq9TreHYOHY7pbqdlT74COnm8vPx7WKn36StS+Hyk8DdAitnLaw67a5Cudkz5EmlFQjSrNnrA2w==",
      "license": "Apache-2.0",
      "bin": {
        "openai": "bin/cli"
      },
      "peerDependencies": {
        "ws": "^8.18.0",
        "zod": "^3.25 || ^4.0"
      },
      "peerDependenciesMeta": {
        "ws": {
          "optional": true
        },
        "zod": {
          "optional": true
        }
      }
    }
  }
}
